
Microsoft Visual Studio Solution File, Format Version 12.00
# Visual Studio Version 17
VisualStudioVersion = 17.0.31903.59
MinimumVisualStudioVersion = 10.0.40219.1
Project("{FAE04EC0-301F-11D3-BF4B-00C04F79EFBC}") = "WebServer", "WebServer\WebServer.csproj", "{4BA9CEC0-81B4-44F5-AA84-8967C96E685A}"
EndProject
Project("{2150E333-8FDC-42A3-9474-1A3956D46DE8}") = "Logic", "Logic", "{9BB49695-4817-4650-8B61-94EE01EEB348}"
EndProject
Project("{FAE04EC0-301F-11D3-BF4B-00C04F79EFBC}") = "Cards", "Logic\Cards\Cards.csproj", "{1466A26D-FC30-4127-8D4B-BD8199ADB4B9}"
EndProject
Project("{FAE04EC0-301F-11D3-BF4B-00C04F79EFBC}") = "Deck", "Logic\Deck\Deck.csproj", "{AB19957A-305E-4A30-BFE5-8B65E9CAEC70}"
EndProject
Project("{FAE04EC0-301F-11D3-BF4B-00C04F79EFBC}") = "Field", "Logic\Field\Field.csproj", "{305B91F6-2341-404D-914E-4B77A8D376EB}"
EndProject
Global
	GlobalSection(SolutionConfigurationPlatforms) = preSolution
		Debug|Any CPU = Debug|Any CPU
		Release|Any CPU = Release|Any CPU
	EndGlobalSection
	GlobalSection(SolutionProperties) = preSolution
		HideSolutionNode = FALSE
	EndGlobalSection
	GlobalSection(ProjectConfigurationPlatforms) = postSolution
		{4BA9CEC0-81B4-44F5-AA84-8967C96E685A}.Debug|Any CPU.ActiveCfg = Debug|Any CPU
		{4BA9CEC0-81B4-44F5-AA84-8967C96E685A}.Debug|Any CPU.Build.0 = Debug|Any CPU
		{4BA9CEC0-81B4-44F5-AA84-8967C96E685A}.Release|Any CPU.ActiveCfg = Release|Any CPU
		{4BA9CEC0-81B4-44F5-AA84-8967C96E685A}.Release|Any CPU.Build.0 = Release|Any CPU
		{1466A26D-FC30-4127-8D4B-BD8199ADB4B9}.Debug|Any CPU.ActiveCfg = Debug|Any CPU
		{1466A26D-FC30-4127-8D4B-BD8199ADB4B9}.Debug|Any CPU.Build.0 = Debug|Any CPU
		{1466A26D-FC30-4127-8D4B-BD8199ADB4B9}.Release|Any CPU.ActiveCfg = Release|Any CPU
		{1466A26D-FC30-4127-8D4B-BD8199ADB4B9}.Release|Any CPU.Build.0 = Release|Any CPU
		{AB19957A-305E-4A30-BFE5-8B65E9CAEC70}.Debug|Any CPU.ActiveCfg = Debug|Any CPU
		{AB19957A-305E-4A30-BFE5-8B65E9CAEC70}.Debug|Any CPU.Build.0 = Debug|Any CPU
		{AB19957A-305E-4A30-BFE5-8B65E9CAEC70}.Release|Any CPU.ActiveCfg = Release|Any CPU
		{AB19957A-305E-4A30-BFE5-8B65E9CAEC70}.Release|Any CPU.Build.0 = Release|Any CPU
		{305B91F6-2341-404D-914E-4B77A8D376EB}.Debug|Any CPU.ActiveCfg = Debug|Any CPU
		{305B91F6-2341-404D-914E-4B77A8D376EB}.Debug|Any CPU.Build.0 = Debug|Any CPU
		{305B91F6-2341-404D-914E-4B77A8D376EB}.Release|Any CPU.ActiveCfg = Release|Any CPU
		{305B91F6-2341-404D-914E-4B77A8D376EB}.Release|Any CPU.Build.0 = Release|Any CPU
	EndGlobalSection
	GlobalSection(NestedProjects) = preSolution
		{1466A26D-FC30-4127-8D4B-BD8199ADB4B9} = {9BB49695-4817-4650-8B61-94EE01EEB348}
		{AB19957A-305E-4A30-BFE5-8B65E9CAEC70} = {9BB49695-4817-4650-8B61-94EE01EEB348}
		{305B91F6-2341-404D-914E-4B77A8D376EB} = {9BB49695-4817-4650-8B61-94EE01EEB348}
	EndGlobalSection
EndGlobal
